
Microsoft Visual Studio Solution File, Format Version 12.00
# Visual Studio Version 17
VisualStudioVersion = 17.3.32819.101
MinimumVisualStudioVersion = 10.0.40219.1
Project("{FAE04EC0-301F-11D3-BF4B-00C04F79EFBC}") = "DEC0222 Lists", "DEC0222 Lists\DEC0222 Lists.csproj", "{4BC37C2B-BA6C-44A9-89F8-8ABCA2F58585}"
EndProject
Global
	GlobalSection(SolutionConfigurationPlatforms) = preSolution
		Debug|Any CPU = Debug|Any CPU
		Release|Any CPU = Release|Any CPU
	EndGlobalSection
	GlobalSection(ProjectConfigurationPlatforms) = postSolution
		{4BC37C2B-BA6C-44A9-89F8-8ABCA2F58585}.Debug|Any CPU.ActiveCfg = Debug|Any CPU
		{4BC37C2B-BA6C-44A9-89F8-8ABCA2F58585}.Debug|Any CPU.Build.0 = Debug|Any CPU
		{4BC37C2B-BA6C-44A9-89F8-8ABCA2F58585}.Release|Any CPU.ActiveCfg = Release|Any CPU
		{4BC37C2B-BA6C-44A9-89F8-8ABCA2F58585}.Release|Any CPU.Build.0 = Release|Any CPU
	EndGlobalSection
	GlobalSection(SolutionProperties) = preSolution
		HideSolutionNode = FALSE
	EndGlobalSection
	GlobalSection(ExtensibilityGlobals) = postSolution
		SolutionGuid = {3684A9AD-D1C0-46AA-BD86-56E401ED5398}
	EndGlobalSection
EndGlobal
