
Microsoft Visual Studio Solution File, Format Version 12.00
# Visual Studio Version 17
VisualStudioVersion = 17.3.32819.101
MinimumVisualStudioVersion = 10.0.40219.1
Project("{FAE04EC0-301F-11D3-BF4B-00C04F79EFBC}") = "Quiz2", "Quiz2\Quiz2.csproj", "{D97C32C3-F98E-4DEB-9CF1-E9E1AD0E39BC}"
EndProject
Global
	GlobalSection(SolutionConfigurationPlatforms) = preSolution
		Debug|Any CPU = Debug|Any CPU
		Release|Any CPU = Release|Any CPU
	EndGlobalSection
	GlobalSection(ProjectConfigurationPlatforms) = postSolution
		{D97C32C3-F98E-4DEB-9CF1-E9E1AD0E39BC}.Debug|Any CPU.ActiveCfg = Debug|Any CPU
		{D97C32C3-F98E-4DEB-9CF1-E9E1AD0E39BC}.Debug|Any CPU.Build.0 = Debug|Any CPU
		{D97C32C3-F98E-4DEB-9CF1-E9E1AD0E39BC}.Release|Any CPU.ActiveCfg = Release|Any CPU
		{D97C32C3-F98E-4DEB-9CF1-E9E1AD0E39BC}.Release|Any CPU.Build.0 = Release|Any CPU
	EndGlobalSection
	GlobalSection(SolutionProperties) = preSolution
		HideSolutionNode = FALSE
	EndGlobalSection
	GlobalSection(ExtensibilityGlobals) = postSolution
		SolutionGuid = {9AD50903-FF3A-4D1A-B831-E7A82D6ED6D1}
	EndGlobalSection
EndGlobal
