
Microsoft Visual Studio Solution File, Format Version 12.00
# Visual Studio Version 17
VisualStudioVersion = 17.3.32819.101
MinimumVisualStudioVersion = 10.0.40219.1
Project("{FAE04EC0-301F-11D3-BF4B-00C04F79EFBC}") = "NOV2322 Array Tiem Again", "NOV2322 Array Tiem Again\NOV2322 Array Tiem Again.csproj", "{FAA9F712-DB63-4914-96F0-3A1DFCF47CE1}"
EndProject
Global
	GlobalSection(SolutionConfigurationPlatforms) = preSolution
		Debug|Any CPU = Debug|Any CPU
		Release|Any CPU = Release|Any CPU
	EndGlobalSection
	GlobalSection(ProjectConfigurationPlatforms) = postSolution
		{FAA9F712-DB63-4914-96F0-3A1DFCF47CE1}.Debug|Any CPU.ActiveCfg = Debug|Any CPU
		{FAA9F712-DB63-4914-96F0-3A1DFCF47CE1}.Debug|Any CPU.Build.0 = Debug|Any CPU
		{FAA9F712-DB63-4914-96F0-3A1DFCF47CE1}.Release|Any CPU.ActiveCfg = Release|Any CPU
		{FAA9F712-DB63-4914-96F0-3A1DFCF47CE1}.Release|Any CPU.Build.0 = Release|Any CPU
	EndGlobalSection
	GlobalSection(SolutionProperties) = preSolution
		HideSolutionNode = FALSE
	EndGlobalSection
	GlobalSection(ExtensibilityGlobals) = postSolution
		SolutionGuid = {954BD7A5-0C3C-4FBD-907C-1027DC5CE5D4}
	EndGlobalSection
EndGlobal
