
Microsoft Visual Studio Solution File, Format Version 12.00
# Visual Studio Version 17
VisualStudioVersion = 17.3.32901.215
MinimumVisualStudioVersion = 10.0.40219.1
Project("{FAE04EC0-301F-11D3-BF4B-00C04F79EFBC}") = "DEC0622 Lab6", "DEC0622 Lab6\DEC0622 Lab6.csproj", "{FF226AE5-C964-475C-9ECA-BC1C612288F1}"
EndProject
Global
	GlobalSection(SolutionConfigurationPlatforms) = preSolution
		Debug|Any CPU = Debug|Any CPU
		Release|Any CPU = Release|Any CPU
	EndGlobalSection
	GlobalSection(ProjectConfigurationPlatforms) = postSolution
		{FF226AE5-C964-475C-9ECA-BC1C612288F1}.Debug|Any CPU.ActiveCfg = Debug|Any CPU
		{FF226AE5-C964-475C-9ECA-BC1C612288F1}.Debug|Any CPU.Build.0 = Debug|Any CPU
		{FF226AE5-C964-475C-9ECA-BC1C612288F1}.Release|Any CPU.ActiveCfg = Release|Any CPU
		{FF226AE5-C964-475C-9ECA-BC1C612288F1}.Release|Any CPU.Build.0 = Release|Any CPU
	EndGlobalSection
	GlobalSection(SolutionProperties) = preSolution
		HideSolutionNode = FALSE
	EndGlobalSection
	GlobalSection(ExtensibilityGlobals) = postSolution
		SolutionGuid = {9F561E14-FF69-4012-B3EA-18366E94166F}
	EndGlobalSection
EndGlobal
