
Microsoft Visual Studio Solution File, Format Version 12.00
# Visual Studio Version 17
VisualStudioVersion = 17.3.32819.101
MinimumVisualStudioVersion = 10.0.40219.1
Project("{FAE04EC0-301F-11D3-BF4B-00C04F79EFBC}") = "NOV3022 Object Problems 2", "NOV3022 Object Problems 2\NOV3022 Object Problems 2.csproj", "{18F95AAA-F4C3-400F-B13B-C956BDBA208C}"
EndProject
Global
	GlobalSection(SolutionConfigurationPlatforms) = preSolution
		Debug|Any CPU = Debug|Any CPU
		Release|Any CPU = Release|Any CPU
	EndGlobalSection
	GlobalSection(ProjectConfigurationPlatforms) = postSolution
		{18F95AAA-F4C3-400F-B13B-C956BDBA208C}.Debug|Any CPU.ActiveCfg = Debug|Any CPU
		{18F95AAA-F4C3-400F-B13B-C956BDBA208C}.Debug|Any CPU.Build.0 = Debug|Any CPU
		{18F95AAA-F4C3-400F-B13B-C956BDBA208C}.Release|Any CPU.ActiveCfg = Release|Any CPU
		{18F95AAA-F4C3-400F-B13B-C956BDBA208C}.Release|Any CPU.Build.0 = Release|Any CPU
	EndGlobalSection
	GlobalSection(SolutionProperties) = preSolution
		HideSolutionNode = FALSE
	EndGlobalSection
	GlobalSection(ExtensibilityGlobals) = postSolution
		SolutionGuid = {65A85C66-4853-4C91-8A78-1CA0701149BF}
	EndGlobalSection
EndGlobal
