
Microsoft Visual Studio Solution File, Format Version 12.00
# Visual Studio Version 17
VisualStudioVersion = 17.4.33205.214
MinimumVisualStudioVersion = 10.0.40219.1
Project("{FAE04EC0-301F-11D3-BF4B-00C04F79EFBC}") = "Assignment4Part3-AntonioSolito", "Assignment4Part3-AntonioSolito\Assignment4Part3-AntonioSolito.csproj", "{7287663F-7A61-4AF3-84F1-992B76D882A3}"
EndProject
Project("{FAE04EC0-301F-11D3-BF4B-00C04F79EFBC}") = "Assignment4Part3-AntonioSolito-Test", "Assignment4Part3-AntonioSolito-Test\Assignment4Part3-AntonioSolito-Test.csproj", "{2842F0EC-8E22-4E79-9467-4D1444245EB4}"
EndProject
Global
	GlobalSection(SolutionConfigurationPlatforms) = preSolution
		Debug|Any CPU = Debug|Any CPU
		Release|Any CPU = Release|Any CPU
	EndGlobalSection
	GlobalSection(ProjectConfigurationPlatforms) = postSolution
		{7287663F-7A61-4AF3-84F1-992B76D882A3}.Debug|Any CPU.ActiveCfg = Debug|Any CPU
		{7287663F-7A61-4AF3-84F1-992B76D882A3}.Debug|Any CPU.Build.0 = Debug|Any CPU
		{7287663F-7A61-4AF3-84F1-992B76D882A3}.Release|Any CPU.ActiveCfg = Release|Any CPU
		{7287663F-7A61-4AF3-84F1-992B76D882A3}.Release|Any CPU.Build.0 = Release|Any CPU
		{2842F0EC-8E22-4E79-9467-4D1444245EB4}.Debug|Any CPU.ActiveCfg = Debug|Any CPU
		{2842F0EC-8E22-4E79-9467-4D1444245EB4}.Debug|Any CPU.Build.0 = Debug|Any CPU
		{2842F0EC-8E22-4E79-9467-4D1444245EB4}.Release|Any CPU.ActiveCfg = Release|Any CPU
		{2842F0EC-8E22-4E79-9467-4D1444245EB4}.Release|Any CPU.Build.0 = Release|Any CPU
	EndGlobalSection
	GlobalSection(SolutionProperties) = preSolution
		HideSolutionNode = FALSE
	EndGlobalSection
	GlobalSection(ExtensibilityGlobals) = postSolution
		SolutionGuid = {D1AB9A09-A265-457C-8F27-7C8FD7E32D28}
	EndGlobalSection
EndGlobal
