
Microsoft Visual Studio Solution File, Format Version 12.00
# Visual Studio Version 17
VisualStudioVersion = 17.3.32819.101
MinimumVisualStudioVersion = 10.0.40219.1
Project("{FAE04EC0-301F-11D3-BF4B-00C04F79EFBC}") = "DEC0522 Classword", "DEC0522 Classword\DEC0522 Classword.csproj", "{F82904BB-0F91-4D63-8186-DF8D2980ACF4}"
EndProject
Global
	GlobalSection(SolutionConfigurationPlatforms) = preSolution
		Debug|Any CPU = Debug|Any CPU
		Release|Any CPU = Release|Any CPU
	EndGlobalSection
	GlobalSection(ProjectConfigurationPlatforms) = postSolution
		{F82904BB-0F91-4D63-8186-DF8D2980ACF4}.Debug|Any CPU.ActiveCfg = Debug|Any CPU
		{F82904BB-0F91-4D63-8186-DF8D2980ACF4}.Debug|Any CPU.Build.0 = Debug|Any CPU
		{F82904BB-0F91-4D63-8186-DF8D2980ACF4}.Release|Any CPU.ActiveCfg = Release|Any CPU
		{F82904BB-0F91-4D63-8186-DF8D2980ACF4}.Release|Any CPU.Build.0 = Release|Any CPU
	EndGlobalSection
	GlobalSection(SolutionProperties) = preSolution
		HideSolutionNode = FALSE
	EndGlobalSection
	GlobalSection(ExtensibilityGlobals) = postSolution
		SolutionGuid = {05E17F04-26DC-4D66-9F96-A16761287487}
	EndGlobalSection
EndGlobal
