
Microsoft Visual Studio Solution File, Format Version 12.00
# Visual Studio Version 17
VisualStudioVersion = 17.3.32819.101
MinimumVisualStudioVersion = 10.0.40219.1
Project("{FAE04EC0-301F-11D3-BF4B-00C04F79EFBC}") = "NOV0422 Arrays", "NOV0422 Arrays\NOV0422 Arrays.csproj", "{0F7EB3A4-9AC6-4E81-A1D9-4821E07F4E6C}"
EndProject
Global
	GlobalSection(SolutionConfigurationPlatforms) = preSolution
		Debug|Any CPU = Debug|Any CPU
		Release|Any CPU = Release|Any CPU
	EndGlobalSection
	GlobalSection(ProjectConfigurationPlatforms) = postSolution
		{0F7EB3A4-9AC6-4E81-A1D9-4821E07F4E6C}.Debug|Any CPU.ActiveCfg = Debug|Any CPU
		{0F7EB3A4-9AC6-4E81-A1D9-4821E07F4E6C}.Debug|Any CPU.Build.0 = Debug|Any CPU
		{0F7EB3A4-9AC6-4E81-A1D9-4821E07F4E6C}.Release|Any CPU.ActiveCfg = Release|Any CPU
		{0F7EB3A4-9AC6-4E81-A1D9-4821E07F4E6C}.Release|Any CPU.Build.0 = Release|Any CPU
	EndGlobalSection
	GlobalSection(SolutionProperties) = preSolution
		HideSolutionNode = FALSE
	EndGlobalSection
	GlobalSection(ExtensibilityGlobals) = postSolution
		SolutionGuid = {8E3C8C0C-7AA2-4CA3-B099-129F78799D45}
	EndGlobalSection
EndGlobal
