
Microsoft Visual Studio Solution File, Format Version 12.00
# Visual Studio Version 17
VisualStudioVersion = 17.3.32819.101
MinimumVisualStudioVersion = 10.0.40219.1
Project("{FAE04EC0-301F-11D3-BF4B-00C04F79EFBC}") = "Ass4Part3", "Ass4Part3\Ass4Part3.csproj", "{42086555-7A27-42D8-A764-886A2F46993E}"
EndProject
Global
	GlobalSection(SolutionConfigurationPlatforms) = preSolution
		Debug|Any CPU = Debug|Any CPU
		Release|Any CPU = Release|Any CPU
	EndGlobalSection
	GlobalSection(ProjectConfigurationPlatforms) = postSolution
		{42086555-7A27-42D8-A764-886A2F46993E}.Debug|Any CPU.ActiveCfg = Debug|Any CPU
		{42086555-7A27-42D8-A764-886A2F46993E}.Debug|Any CPU.Build.0 = Debug|Any CPU
		{42086555-7A27-42D8-A764-886A2F46993E}.Release|Any CPU.ActiveCfg = Release|Any CPU
		{42086555-7A27-42D8-A764-886A2F46993E}.Release|Any CPU.Build.0 = Release|Any CPU
	EndGlobalSection
	GlobalSection(SolutionProperties) = preSolution
		HideSolutionNode = FALSE
	EndGlobalSection
	GlobalSection(ExtensibilityGlobals) = postSolution
		SolutionGuid = {1937CF78-323F-4E2A-B4A0-CBA2947C8CFF}
	EndGlobalSection
EndGlobal
